
Microsoft Visual Studio Solution File, Format Version 12.00
# Visual Studio Version 17
VisualStudioVersion = 17.8.34511.84
MinimumVisualStudioVersion = 10.0.40219.1
Project("{9A19103F-16F7-4668-BE54-9A1E7A4F7556}") = "Assignment-1_DataSecurity_Encoding_Encryption", "Assignment-1_DataSecurity_Encoding_Encryption\Assignment-1_DataSecurity_Encoding_Encryption.csproj", "{09CABC44-C3E1-46B3-9EFD-ABD4BC9CE420}"
EndProject
Global
	GlobalSection(SolutionConfigurationPlatforms) = preSolution
		Debug|Any CPU = Debug|Any CPU
		Release|Any CPU = Release|Any CPU
	EndGlobalSection
	GlobalSection(ProjectConfigurationPlatforms) = postSolution
		{09CABC44-C3E1-46B3-9EFD-ABD4BC9CE420}.Debug|Any CPU.ActiveCfg = Debug|Any CPU
		{09CABC44-C3E1-46B3-9EFD-ABD4BC9CE420}.Debug|Any CPU.Build.0 = Debug|Any CPU
		{09CABC44-C3E1-46B3-9EFD-ABD4BC9CE420}.Release|Any CPU.ActiveCfg = Release|Any CPU
		{09CABC44-C3E1-46B3-9EFD-ABD4BC9CE420}.Release|Any CPU.Build.0 = Release|Any CPU
	EndGlobalSection
	GlobalSection(SolutionProperties) = preSolution
		HideSolutionNode = FALSE
	EndGlobalSection
	GlobalSection(ExtensibilityGlobals) = postSolution
		SolutionGuid = {3A0B8977-BF29-4871-9A2D-41FAB5539209}
	EndGlobalSection
EndGlobal
